PODS:
  - AppReview (0.0.2)
  - Google-Mobile-Ads-SDK (11.11.0):
    - GoogleUserMessagingPlatform (>= 1.1)
  - GoogleUserMessagingPlatform (2.7.0)

DEPENDENCIES:
  - AppReview (from `https://github.com/mezhevikin/AppReview.git`)
  - Google-Mobile-Ads-SDK

SPEC REPOS:
  trunk:
    - Google-Mobile-Ads-SDK
    - GoogleUserMessagingPlatform

EXTERNAL SOURCES:
  AppReview:
    :git: https://github.com/mezhevikin/AppReview.git

CHECKOUT OPTIONS:
  AppReview:
    :commit: c9f027b808c5bc934ab741051e8fe1a0455aedd7
    :git: https://github.com/mezhevikin/AppReview.git

SPEC CHECKSUMS:
  AppReview: 7dfd2ba3456a51f11a07dc4f26f11fc1deb9161f
  Google-Mobile-Ads-SDK: 6d2fc31d83b7b13a7dee3d622f1538fa3324958a
  GoogleUserMessagingPlatform: a8b56893477f67212fbc8411c139e61d463349f5

PODFILE CHECKSUM: 7664ff36c11977c81f76e7dfe20dfbc51d8733ff

COCOAPODS: 1.15.2
