PODS:
  - AppReview (0.0.2)

DEPENDENCIES:
  - AppReview (from `https://github.com/mezhevikin/AppReview.git`)

EXTERNAL SOURCES:
  AppReview:
    :git: https://github.com/mezhevikin/AppReview.git

CHECKOUT OPTIONS:
  AppReview:
    :commit: c9f027b808c5bc934ab741051e8fe1a0455aedd7
    :git: https://github.com/mezhevikin/AppReview.git

SPEC CHECKSUMS:
  AppReview: 7dfd2ba3456a51f11a07dc4f26f11fc1deb9161f

PODFILE CHECKSUM: c0fc47f4eb8402c7c5f68a16d03f2acfbfd6534a

COCOAPODS: 1.15.2
