PODS:
  - AppReview (0.0.2)
  - FBAudienceNetwork (6.16.0)

DEPENDENCIES:
  - AppReview (from `https://github.com/mezhevikin/AppReview.git`)
  - FBAudienceNetwork

SPEC REPOS:
  trunk:
    - FBAudienceNetwork

EXTERNAL SOURCES:
  AppReview:
    :git: https://github.com/mezhevikin/AppReview.git

CHECKOUT OPTIONS:
  AppReview:
    :commit: c9f027b808c5bc934ab741051e8fe1a0455aedd7
    :git: https://github.com/mezhevikin/AppReview.git

SPEC CHECKSUMS:
  AppReview: 7dfd2ba3456a51f11a07dc4f26f11fc1deb9161f
  FBAudienceNetwork: d1670939884e3a2e0ad98dca98d7e0c841417228

PODFILE CHECKSUM: 3c5def174453a10f0e677eaf45229b6dd15aeff9

COCOAPODS: 1.16.2
