// !$*UTF8*$!
{
	archiveVersion = 1;
	classes = {
	};
	objectVersion = 50;
	objects = {

/* Begin PBXBuildFile section */
		3A60290C22548024006A6DBF /* AppDelegate.swift in Sources */ = {isa = PBXBuildFile; fileRef = 3A60290B22548024006A6DBF /* AppDelegate.swift */; };
		3A60290E22548024006A6DBF /* ViewController.swift in Sources */ = {isa = PBXBuildFile; fileRef = 3A60290D22548024006A6DBF /* ViewController.swift */; };
		3A60291122548024006A6DBF /* Main.storyboard in Resources */ = {isa = PBXBuildFile; fileRef = 3A60290F22548024006A6DBF /* Main.storyboard */; };
		3A60291322548026006A6DBF /* Assets.xcassets in Resources */ = {isa = PBXBuildFile; fileRef = 3A60291222548026006A6DBF /* Assets.xcassets */; };
		3A60291622548026006A6DBF /* LaunchScreen.storyboard in Resources */ = {isa = PBXBuildFile; fileRef = 3A60291422548026006A6DBF /* LaunchScreen.storyboard */; };
		3A6029212254861B006A6DBF /* RootCoordinator.swift in Sources */ = {isa = PBXBuildFile; fileRef = 3A6029202254861B006A6DBF /* RootCoordinator.swift */; };
		3A60292622548665006A6DBF /* Coordinator.swift in Sources */ = {isa = PBXBuildFile; fileRef = 3A60292522548665006A6DBF /* Coordinator.swift */; };
		3A60292922548740006A6DBF /* MapViewController.swift in Sources */ = {isa = PBXBuildFile; fileRef = 3A60292822548740006A6DBF /* MapViewController.swift */; };
		3A60292C225487AF006A6DBF /* GenericMap.swift in Sources */ = {isa = PBXBuildFile; fileRef = 3A60292B225487AF006A6DBF /* GenericMap.swift */; };
		3A60292F225487EE006A6DBF /* Coordinates.swift in Sources */ = {isa = PBXBuildFile; fileRef = 3A60292E225487EE006A6DBF /* Coordinates.swift */; };
		3A602932225488DE006A6DBF /* AppleMapView.swift in Sources */ = {isa = PBXBuildFile; fileRef = 3A602931225488DE006A6DBF /* AppleMapView.swift */; };
		3A60293B22548984006A6DBF /* UIViewController.swift in Sources */ = {isa = PBXBuildFile; fileRef = 3A60293622548983006A6DBF /* UIViewController.swift */; };
		3A60293C22548984006A6DBF /* Dictionary.swift in Sources */ = {isa = PBXBuildFile; fileRef = 3A60293722548983006A6DBF /* Dictionary.swift */; };
		3A60293D22548984006A6DBF /* NSObject.swift in Sources */ = {isa = PBXBuildFile; fileRef = 3A60293822548983006A6DBF /* NSObject.swift */; };
		3A60293E22548984006A6DBF /* UIView.swift in Sources */ = {isa = PBXBuildFile; fileRef = 3A60293922548984006A6DBF /* UIView.swift */; };
		3A60293F22548984006A6DBF /* UIColor.swift in Sources */ = {isa = PBXBuildFile; fileRef = 3A60293A22548984006A6DBF /* UIColor.swift */; };
		3A60294522548A12006A6DBF /* APIEndpoint.swift in Sources */ = {isa = PBXBuildFile; fileRef = 3A60294222548A12006A6DBF /* APIEndpoint.swift */; };
		3A60294622548A12006A6DBF /* APIJSONClient.swift in Sources */ = {isa = PBXBuildFile; fileRef = 3A60294322548A12006A6DBF /* APIJSONClient.swift */; };
		3A60294722548A12006A6DBF /* Result.swift in Sources */ = {isa = PBXBuildFile; fileRef = 3A60294422548A12006A6DBF /* Result.swift */; };
		3A60294A22548AAE006A6DBF /* API.swift in Sources */ = {isa = PBXBuildFile; fileRef = 3A60294922548AAE006A6DBF /* API.swift */; };
		3A60294C22548ACF006A6DBF /* APIResourceProvider.swift in Sources */ = {isa = PBXBuildFile; fileRef = 3A60294B22548ACF006A6DBF /* APIResourceProvider.swift */; };
		3A60294E22548CB6006A6DBF /* Location.swift in Sources */ = {isa = PBXBuildFile; fileRef = 3A60294D22548CB6006A6DBF /* Location.swift */; };
		3A60295122548E98006A6DBF /* MapKit.framework in Frameworks */ = {isa = PBXBuildFile; fileRef = 3A60295022548E98006A6DBF /* MapKit.framework */; };
		3A60295322548F6A006A6DBF /* MapViewCoordinator.swift in Sources */ = {isa = PBXBuildFile; fileRef = 3A60295222548F6A006A6DBF /* MapViewCoordinator.swift */; };
		3A60295622549525006A6DBF /* LinesProvider.swift in Sources */ = {isa = PBXBuildFile; fileRef = 3A60295522549525006A6DBF /* LinesProvider.swift */; };
		3A60295822549D0C006A6DBF /* Line.swift in Sources */ = {isa = PBXBuildFile; fileRef = 3A60295722549D0C006A6DBF /* Line.swift */; };
		3A60295A22549DC7006A6DBF /* Station.swift in Sources */ = {isa = PBXBuildFile; fileRef = 3A60295922549DC7006A6DBF /* Station.swift */; };
/* End PBXBuildFile section */

/* Begin PBXFileReference section */
		3A60290822548024006A6DBF /* Metrobus RT.app */ = {isa = PBXFileReference; explicitFileType = wrapper.application; includeInIndex = 0; path = "Metrobus RT.app"; sourceTree = BUILT_PRODUCTS_DIR; };
		3A60290B22548024006A6DBF /* AppDelegate.swift */ = {isa = PBXFileReference; lastKnownFileType = sourcecode.swift; path = AppDelegate.swift; sourceTree = "<group>"; };
		3A60290D22548024006A6DBF /* ViewController.swift */ = {isa = PBXFileReference; lastKnownFileType = sourcecode.swift; path = ViewController.swift; sourceTree = "<group>"; };
		3A60291022548024006A6DBF /* Base */ = {isa = PBXFileReference; lastKnownFileType = file.storyboard; name = Base; path = Base.lproj/Main.storyboard; sourceTree = "<group>"; };
		3A60291222548026006A6DBF /* Assets.xcassets */ = {isa = PBXFileReference; lastKnownFileType = folder.assetcatalog; path = Assets.xcassets; sourceTree = "<group>"; };
		3A60291522548026006A6DBF /* Base */ = {isa = PBXFileReference; lastKnownFileType = file.storyboard; name = Base; path = Base.lproj/LaunchScreen.storyboard; sourceTree = "<group>"; };
		3A60291722548026006A6DBF /* Info.plist */ = {isa = PBXFileReference; lastKnownFileType = text.plist.xml; path = Info.plist; sourceTree = "<group>"; };
		3A6029202254861B006A6DBF /* RootCoordinator.swift */ = {isa = PBXFileReference; lastKnownFileType = sourcecode.swift; path = RootCoordinator.swift; sourceTree = "<group>"; };
		3A60292522548665006A6DBF /* Coordinator.swift */ = {isa = PBXFileReference; lastKnownFileType = sourcecode.swift; path = Coordinator.swift; sourceTree = "<group>"; };
		3A60292822548740006A6DBF /* MapViewController.swift */ = {isa = PBXFileReference; lastKnownFileType = sourcecode.swift; path = MapViewController.swift; sourceTree = "<group>"; };
		3A60292B225487AF006A6DBF /* GenericMap.swift */ = {isa = PBXFileReference; lastKnownFileType = sourcecode.swift; path = GenericMap.swift; sourceTree = "<group>"; };
		3A60292E225487EE006A6DBF /* Coordinates.swift */ = {isa = PBXFileReference; lastKnownFileType = sourcecode.swift; path = Coordinates.swift; sourceTree = "<group>"; };
		3A602931225488DE006A6DBF /* AppleMapView.swift */ = {isa = PBXFileReference; lastKnownFileType = sourcecode.swift; path = AppleMapView.swift; sourceTree = "<group>"; };
		3A60293622548983006A6DBF /* UIViewController.swift */ = {isa = PBXFileReference; fileEncoding = 4; lastKnownFileType = sourcecode.swift; path = UIViewController.swift; sourceTree = "<group>"; };
		3A60293722548983006A6DBF /* Dictionary.swift */ = {isa = PBXFileReference; fileEncoding = 4; lastKnownFileType = sourcecode.swift; path = Dictionary.swift; sourceTree = "<group>"; };
		3A60293822548983006A6DBF /* NSObject.swift */ = {isa = PBXFileReference; fileEncoding = 4; lastKnownFileType = sourcecode.swift; path = NSObject.swift; sourceTree = "<group>"; };
		3A60293922548984006A6DBF /* UIView.swift */ = {isa = PBXFileReference; fileEncoding = 4; lastKnownFileType = sourcecode.swift; path = UIView.swift; sourceTree = "<group>"; };
		3A60293A22548984006A6DBF /* UIColor.swift */ = {isa = PBXFileReference; fileEncoding = 4; lastKnownFileType = sourcecode.swift; path = UIColor.swift; sourceTree = "<group>"; };
		3A60294222548A12006A6DBF /* APIEndpoint.swift */ = {isa = PBXFileReference; fileEncoding = 4; lastKnownFileType = sourcecode.swift; path = APIEndpoint.swift; sourceTree = "<group>"; };
		3A60294322548A12006A6DBF /* APIJSONClient.swift */ = {isa = PBXFileReference; fileEncoding = 4; lastKnownFileType = sourcecode.swift; path = APIJSONClient.swift; sourceTree = "<group>"; };
		3A60294422548A12006A6DBF /* Result.swift */ = {isa = PBXFileReference; fileEncoding = 4; lastKnownFileType = sourcecode.swift; path = Result.swift; sourceTree = "<group>"; };
		3A60294922548AAE006A6DBF /* API.swift */ = {isa = PBXFileReference; lastKnownFileType = sourcecode.swift; path = API.swift; sourceTree = "<group>"; };
		3A60294B22548ACF006A6DBF /* APIResourceProvider.swift */ = {isa = PBXFileReference; lastKnownFileType = sourcecode.swift; path = APIResourceProvider.swift; sourceTree = "<group>"; };
		3A60294D22548CB6006A6DBF /* Location.swift */ = {isa = PBXFileReference; lastKnownFileType = sourcecode.swift; path = Location.swift; sourceTree = "<group>"; };
		3A60295022548E98006A6DBF /* MapKit.framework */ = {isa = PBXFileReference; lastKnownFileType = wrapper.framework; name = MapKit.framework; path = System/Library/Frameworks/MapKit.framework; sourceTree = SDKROOT; };
		3A60295222548F6A006A6DBF /* MapViewCoordinator.swift */ = {isa = PBXFileReference; lastKnownFileType = sourcecode.swift; path = MapViewCoordinator.swift; sourceTree = "<group>"; };
		3A60295522549525006A6DBF /* LinesProvider.swift */ = {isa = PBXFileReference; lastKnownFileType = sourcecode.swift; path = LinesProvider.swift; sourceTree = "<group>"; };
		3A60295722549D0C006A6DBF /* Line.swift */ = {isa = PBXFileReference; lastKnownFileType = sourcecode.swift; path = Line.swift; sourceTree = "<group>"; };
		3A60295922549DC7006A6DBF /* Station.swift */ = {isa = PBXFileReference; lastKnownFileType = sourcecode.swift; path = Station.swift; sourceTree = "<group>"; };
/* End PBXFileReference section */

/* Begin PBXFrameworksBuildPhase section */
		3A60290522548024006A6DBF /* Frameworks */ = {
			isa = PBXFrameworksBuildPhase;
			buildActionMask = 2147483647;
			files = (
				3A60295122548E98006A6DBF /* MapKit.framework in Frameworks */,
			);
			runOnlyForDeploymentPostprocessing = 0;
		};
/* End PBXFrameworksBuildPhase section */

/* Begin PBXGroup section */
		3A6028FF22548024006A6DBF = {
			isa = PBXGroup;
			children = (
				3A60290A22548024006A6DBF /* Metrobus RT */,
				3A60290922548024006A6DBF /* Products */,
				3A60294F22548E98006A6DBF /* Frameworks */,
			);
			sourceTree = "<group>";
		};
		3A60290922548024006A6DBF /* Products */ = {
			isa = PBXGroup;
			children = (
				3A60290822548024006A6DBF /* Metrobus RT.app */,
			);
			name = Products;
			sourceTree = "<group>";
		};
		3A60290A22548024006A6DBF /* Metrobus RT */ = {
			isa = PBXGroup;
			children = (
				3A60292722548681006A6DBF /* App */,
				3A60292222548641006A6DBF /* Libraries */,
				3A60290B22548024006A6DBF /* AppDelegate.swift */,
				3A60290D22548024006A6DBF /* ViewController.swift */,
				3A60290F22548024006A6DBF /* Main.storyboard */,
				3A60291222548026006A6DBF /* Assets.xcassets */,
				3A60291422548026006A6DBF /* LaunchScreen.storyboard */,
				3A60291722548026006A6DBF /* Info.plist */,
			);
			path = "Metrobus RT";
			sourceTree = "<group>";
		};
		3A60291D225485DD006A6DBF /* Controllers */ = {
			isa = PBXGroup;
			children = (
				3A60292822548740006A6DBF /* MapViewController.swift */,
			);
			path = Controllers;
			sourceTree = "<group>";
		};
		3A60291E225485F6006A6DBF /* Models */ = {
			isa = PBXGroup;
			children = (
				3A60294D22548CB6006A6DBF /* Location.swift */,
				3A60295722549D0C006A6DBF /* Line.swift */,
				3A60295922549DC7006A6DBF /* Station.swift */,
			);
			path = Models;
			sourceTree = "<group>";
		};
		3A60291F225485FC006A6DBF /* Coordinators */ = {
			isa = PBXGroup;
			children = (
				3A6029202254861B006A6DBF /* RootCoordinator.swift */,
				3A60295222548F6A006A6DBF /* MapViewCoordinator.swift */,
			);
			path = Coordinators;
			sourceTree = "<group>";
		};
		3A60292222548641006A6DBF /* Libraries */ = {
			isa = PBXGroup;
			children = (
				3A602940225489F3006A6DBF /* Helpers */,
				3A6029352254896A006A6DBF /* Extensions */,
				3A60292322548647006A6DBF /* Protocols */,
			);
			path = Libraries;
			sourceTree = "<group>";
		};
		3A60292322548647006A6DBF /* Protocols */ = {
			isa = PBXGroup;
			children = (
				3A60294822548A59006A6DBF /* for-BusinessLogic */,
				3A60292D225487D1006A6DBF /* for-DataModelling */,
				3A60292A2254879A006A6DBF /* for-Views */,
				3A60292422548655006A6DBF /* for-Presentation */,
			);
			path = Protocols;
			sourceTree = "<group>";
		};
		3A60292422548655006A6DBF /* for-Presentation */ = {
			isa = PBXGroup;
			children = (
				3A60292522548665006A6DBF /* Coordinator.swift */,
			);
			path = "for-Presentation";
			sourceTree = "<group>";
		};
		3A60292722548681006A6DBF /* App */ = {
			isa = PBXGroup;
			children = (
				3A60295422549367006A6DBF /* BusinessLogic */,
				3A602930225488D1006A6DBF /* Views */,
				3A60291F225485FC006A6DBF /* Coordinators */,
				3A60291E225485F6006A6DBF /* Models */,
				3A60291D225485DD006A6DBF /* Controllers */,
			);
			path = App;
			sourceTree = "<group>";
		};
		3A60292A2254879A006A6DBF /* for-Views */ = {
			isa = PBXGroup;
			children = (
				3A60292B225487AF006A6DBF /* GenericMap.swift */,
			);
			path = "for-Views";
			sourceTree = "<group>";
		};
		3A60292D225487D1006A6DBF /* for-DataModelling */ = {
			isa = PBXGroup;
			children = (
				3A60292E225487EE006A6DBF /* Coordinates.swift */,
			);
			path = "for-DataModelling";
			sourceTree = "<group>";
		};
		3A602930225488D1006A6DBF /* Views */ = {
			isa = PBXGroup;
			children = (
				3A602931225488DE006A6DBF /* AppleMapView.swift */,
			);
			path = Views;
			sourceTree = "<group>";
		};
		3A6029352254896A006A6DBF /* Extensions */ = {
			isa = PBXGroup;
			children = (
				3A60293722548983006A6DBF /* Dictionary.swift */,
				3A60293822548983006A6DBF /* NSObject.swift */,
				3A60293A22548984006A6DBF /* UIColor.swift */,
				3A60293922548984006A6DBF /* UIView.swift */,
				3A60293622548983006A6DBF /* UIViewController.swift */,
			);
			name = Extensions;
			path = "New Group";
			sourceTree = "<group>";
		};
		3A602940225489F3006A6DBF /* Helpers */ = {
			isa = PBXGroup;
			children = (
				3A60294122548A00006A6DBF /* APIs */,
			);
			path = Helpers;
			sourceTree = "<group>";
		};
		3A60294122548A00006A6DBF /* APIs */ = {
			isa = PBXGroup;
			children = (
				3A60294222548A12006A6DBF /* APIEndpoint.swift */,
				3A60294322548A12006A6DBF /* APIJSONClient.swift */,
				3A60294422548A12006A6DBF /* Result.swift */,
			);
			path = APIs;
			sourceTree = "<group>";
		};
		3A60294822548A59006A6DBF /* for-BusinessLogic */ = {
			isa = PBXGroup;
			children = (
				3A60294922548AAE006A6DBF /* API.swift */,
				3A60294B22548ACF006A6DBF /* APIResourceProvider.swift */,
			);
			path = "for-BusinessLogic";
			sourceTree = "<group>";
		};
		3A60294F22548E98006A6DBF /* Frameworks */ = {
			isa = PBXGroup;
			children = (
				3A60295022548E98006A6DBF /* MapKit.framework */,
			);
			name = Frameworks;
			sourceTree = "<group>";
		};
		3A60295422549367006A6DBF /* BusinessLogic */ = {
			isa = PBXGroup;
			children = (
				3A60295522549525006A6DBF /* LinesProvider.swift */,
			);
			path = BusinessLogic;
			sourceTree = "<group>";
		};
/* End PBXGroup section */

/* Begin PBXNativeTarget section */
		3A60290722548024006A6DBF /* Metrobus RT */ = {
			isa = PBXNativeTarget;
			buildConfigurationList = 3A60291A22548026006A6DBF /* Build configuration list for PBXNativeTarget "Metrobus RT" */;
			buildPhases = (
				3A60290422548024006A6DBF /* Sources */,
				3A60290522548024006A6DBF /* Frameworks */,
				3A60290622548024006A6DBF /* Resources */,
			);
			buildRules = (
			);
			dependencies = (
			);
			name = "Metrobus RT";
			productName = "Metrobus RT";
			productReference = 3A60290822548024006A6DBF /* Metrobus RT.app */;
			productType = "com.apple.product-type.application";
		};
/* End PBXNativeTarget section */

/* Begin PBXProject section */
		3A60290022548024006A6DBF /* Project object */ = {
			isa = PBXProject;
			attributes = {
				LastSwiftUpdateCheck = 1010;
				LastUpgradeCheck = 1010;
				ORGANIZATIONNAME = "El Chahuistle";
				TargetAttributes = {
					3A60290722548024006A6DBF = {
						CreatedOnToolsVersion = 10.1;
						SystemCapabilities = {
							com.apple.Maps.iOS = {
								enabled = 1;
							};
						};
					};
				};
			};
			buildConfigurationList = 3A60290322548024006A6DBF /* Build configuration list for PBXProject "Metrobus RT" */;
			compatibilityVersion = "Xcode 9.3";
			developmentRegion = en;
			hasScannedForEncodings = 0;
			knownRegions = (
				en,
				Base,
			);
			mainGroup = 3A6028FF22548024006A6DBF;
			productRefGroup = 3A60290922548024006A6DBF /* Products */;
			projectDirPath = "";
			projectRoot = "";
			targets = (
				3A60290722548024006A6DBF /* Metrobus RT */,
			);
		};
/* End PBXProject section */

/* Begin PBXResourcesBuildPhase section */
		3A60290622548024006A6DBF /* Resources */ = {
			isa = PBXResourcesBuildPhase;
			buildActionMask = 2147483647;
			files = (
				3A60291622548026006A6DBF /* LaunchScreen.storyboard in Resources */,
				3A60291322548026006A6DBF /* Assets.xcassets in Resources */,
				3A60291122548024006A6DBF /* Main.storyboard in Resources */,
			);
			runOnlyForDeploymentPostprocessing = 0;
		};
/* End PBXResourcesBuildPhase section */

/* Begin PBXSourcesBuildPhase section */
		3A60290422548024006A6DBF /* Sources */ = {
			isa = PBXSourcesBuildPhase;
			buildActionMask = 2147483647;
			files = (
				3A602932225488DE006A6DBF /* AppleMapView.swift in Sources */,
				3A60293D22548984006A6DBF /* NSObject.swift in Sources */,
				3A60293C22548984006A6DBF /* Dictionary.swift in Sources */,
				3A60292622548665006A6DBF /* Coordinator.swift in Sources */,
				3A60295322548F6A006A6DBF /* MapViewCoordinator.swift in Sources */,
				3A60293E22548984006A6DBF /* UIView.swift in Sources */,
				3A60294622548A12006A6DBF /* APIJSONClient.swift in Sources */,
				3A60294722548A12006A6DBF /* Result.swift in Sources */,
				3A60293B22548984006A6DBF /* UIViewController.swift in Sources */,
				3A60295822549D0C006A6DBF /* Line.swift in Sources */,
				3A60290E22548024006A6DBF /* ViewController.swift in Sources */,
				3A60294522548A12006A6DBF /* APIEndpoint.swift in Sources */,
				3A60292F225487EE006A6DBF /* Coordinates.swift in Sources */,
				3A60294C22548ACF006A6DBF /* APIResourceProvider.swift in Sources */,
				3A60292C225487AF006A6DBF /* GenericMap.swift in Sources */,
				3A60293F22548984006A6DBF /* UIColor.swift in Sources */,
				3A60295622549525006A6DBF /* LinesProvider.swift in Sources */,
				3A60295A22549DC7006A6DBF /* Station.swift in Sources */,
				3A60294E22548CB6006A6DBF /* Location.swift in Sources */,
				3A6029212254861B006A6DBF /* RootCoordinator.swift in Sources */,
				3A60292922548740006A6DBF /* MapViewController.swift in Sources */,
				3A60294A22548AAE006A6DBF /* API.swift in Sources */,
				3A60290C22548024006A6DBF /* AppDelegate.swift in Sources */,
			);
			runOnlyForDeploymentPostprocessing = 0;
		};
/* End PBXSourcesBuildPhase section */

/* Begin PBXVariantGroup section */
		3A60290F22548024006A6DBF /* Main.storyboard */ = {
			isa = PBXVariantGroup;
			children = (
				3A60291022548024006A6DBF /* Base */,
			);
			name = Main.storyboard;
			sourceTree = "<group>";
		};
		3A60291422548026006A6DBF /* LaunchScreen.storyboard */ = {
			isa = PBXVariantGroup;
			children = (
				3A60291522548026006A6DBF /* Base */,
			);
			name = LaunchScreen.storyboard;
			sourceTree = "<group>";
		};
/* End PBXVariantGroup section */

/* Begin XCBuildConfiguration section */
		3A60291822548026006A6DBF /* Debug */ = {
			isa = XCBuildConfiguration;
			buildSettings = {
				ALWAYS_SEARCH_USER_PATHS = NO;
				CLANG_ANALYZER_NONNULL = YES;
				CLANG_ANALYZER_NUMBER_OBJECT_CONVERSION = YES_AGGRESSIVE;
				CLANG_CXX_LANGUAGE_STANDARD = "gnu++14";
				CLANG_CXX_LIBRARY = "libc++";
				CLANG_ENABLE_MODULES = YES;
				CLANG_ENABLE_OBJC_ARC = YES;
				CLANG_ENABLE_OBJC_WEAK = YES;
				CLANG_WARN_BLOCK_CAPTURE_AUTORELEASING = YES;
				CLANG_WARN_BOOL_CONVERSION = YES;
				CLANG_WARN_COMMA = YES;
				CLANG_WARN_CONSTANT_CONVERSION = YES;
				CLANG_WARN_DEPRECATED_OBJC_IMPLEMENTATIONS = YES;
				CLANG_WARN_DIRECT_OBJC_ISA_USAGE = YES_ERROR;
				CLANG_WARN_DOCUMENTATION_COMMENTS = YES;
				CLANG_WARN_EMPTY_BODY = YES;
				CLANG_WARN_ENUM_CONVERSION = YES;
				CLANG_WARN_INFINITE_RECURSION = YES;
				CLANG_WARN_INT_CONVERSION = YES;
				CLANG_WARN_NON_LITERAL_NULL_CONVERSION = YES;
				CLANG_WARN_OBJC_IMPLICIT_RETAIN_SELF = YES;
				CLANG_WARN_OBJC_LITERAL_CONVERSION = YES;
				CLANG_WARN_OBJC_ROOT_CLASS = YES_ERROR;
				CLANG_WARN_RANGE_LOOP_ANALYSIS = YES;
				CLANG_WARN_STRICT_PROTOTYPES = YES;
				CLANG_WARN_SUSPICIOUS_MOVE = YES;
				CLANG_WARN_UNGUARDED_AVAILABILITY = YES_AGGRESSIVE;
				CLANG_WARN_UNREACHABLE_CODE = YES;
				CLANG_WARN__DUPLICATE_METHOD_MATCH = YES;
				CODE_SIGN_IDENTITY = "iPhone Developer";
				COPY_PHASE_STRIP = NO;
				DEBUG_INFORMATION_FORMAT = dwarf;
				ENABLE_STRICT_OBJC_MSGSEND = YES;
				ENABLE_TESTABILITY = YES;
				GCC_C_LANGUAGE_STANDARD = gnu11;
				GCC_DYNAMIC_NO_PIC = NO;
				GCC_NO_COMMON_BLOCKS = YES;
				GCC_OPTIMIZATION_LEVEL = 0;
				GCC_PREPROCESSOR_DEFINITIONS = (
					"DEBUG=1",
					"$(inherited)",
				);
				GCC_WARN_64_TO_32_BIT_CONVERSION = YES;
				GCC_WARN_ABOUT_RETURN_TYPE = YES_ERROR;
				GCC_WARN_UNDECLARED_SELECTOR = YES;
				GCC_WARN_UNINITIALIZED_AUTOS = YES_AGGRESSIVE;
				GCC_WARN_UNUSED_FUNCTION = YES;
				GCC_WARN_UNUSED_VARIABLE = YES;
				IPHONEOS_DEPLOYMENT_TARGET = 12.1;
				MTL_ENABLE_DEBUG_INFO = INCLUDE_SOURCE;
				MTL_FAST_MATH = YES;
				ONLY_ACTIVE_ARCH = YES;
				SDKROOT = iphoneos;
				SWIFT_ACTIVE_COMPILATION_CONDITIONS = DEBUG;
				SWIFT_OPTIMIZATION_LEVEL = "-Onone";
			};
			name = Debug;
		};
		3A60291922548026006A6DBF /* Release */ = {
			isa = XCBuildConfiguration;
			buildSettings = {
				ALWAYS_SEARCH_USER_PATHS = NO;
				CLANG_ANALYZER_NONNULL = YES;
				CLANG_ANALYZER_NUMBER_OBJECT_CONVERSION = YES_AGGRESSIVE;
				CLANG_CXX_LANGUAGE_STANDARD = "gnu++14";
				CLANG_CXX_LIBRARY = "libc++";
				CLANG_ENABLE_MODULES = YES;
				CLANG_ENABLE_OBJC_ARC = YES;
				CLANG_ENABLE_OBJC_WEAK = YES;
				CLANG_WARN_BLOCK_CAPTURE_AUTORELEASING = YES;
				CLANG_WARN_BOOL_CONVERSION = YES;
				CLANG_WARN_COMMA = YES;
				CLANG_WARN_CONSTANT_CONVERSION = YES;
				CLANG_WARN_DEPRECATED_OBJC_IMPLEMENTATIONS = YES;
				CLANG_WARN_DIRECT_OBJC_ISA_USAGE = YES_ERROR;
				CLANG_WARN_DOCUMENTATION_COMMENTS = YES;
				CLANG_WARN_EMPTY_BODY = YES;
				CLANG_WARN_ENUM_CONVERSION = YES;
				CLANG_WARN_INFINITE_RECURSION = YES;
				CLANG_WARN_INT_CONVERSION = YES;
				CLANG_WARN_NON_LITERAL_NULL_CONVERSION = YES;
				CLANG_WARN_OBJC_IMPLICIT_RETAIN_SELF = YES;
				CLANG_WARN_OBJC_LITERAL_CONVERSION = YES;
				CLANG_WARN_OBJC_ROOT_CLASS = YES_ERROR;
				CLANG_WARN_RANGE_LOOP_ANALYSIS = YES;
				CLANG_WARN_STRICT_PROTOTYPES = YES;
				CLANG_WARN_SUSPICIOUS_MOVE = YES;
				CLANG_WARN_UNGUARDED_AVAILABILITY = YES_AGGRESSIVE;
				CLANG_WARN_UNREACHABLE_CODE = YES;
				CLANG_WARN__DUPLICATE_METHOD_MATCH = YES;
				CODE_SIGN_IDENTITY = "iPhone Developer";
				COPY_PHASE_STRIP = NO;
				DEBUG_INFORMATION_FORMAT = "dwarf-with-dsym";
				ENABLE_NS_ASSERTIONS = NO;
				ENABLE_STRICT_OBJC_MSGSEND = YES;
				GCC_C_LANGUAGE_STANDARD = gnu11;
				GCC_NO_COMMON_BLOCKS = YES;
				GCC_WARN_64_TO_32_BIT_CONVERSION = YES;
				GCC_WARN_ABOUT_RETURN_TYPE = YES_ERROR;
				GCC_WARN_UNDECLARED_SELECTOR = YES;
				GCC_WARN_UNINITIALIZED_AUTOS = YES_AGGRESSIVE;
				GCC_WARN_UNUSED_FUNCTION = YES;
				GCC_WARN_UNUSED_VARIABLE = YES;
				IPHONEOS_DEPLOYMENT_TARGET = 12.1;
				MTL_ENABLE_DEBUG_INFO = NO;
				MTL_FAST_MATH = YES;
				SDKROOT = iphoneos;
				SWIFT_COMPILATION_MODE = wholemodule;
				SWIFT_OPTIMIZATION_LEVEL = "-O";
				VALIDATE_PRODUCT = YES;
			};
			name = Release;
		};
		3A60291B22548026006A6DBF /* Debug */ = {
			isa = XCBuildConfiguration;
			buildSettings = {
				ASSETCATALOG_COMPILER_APPICON_NAME = AppIcon;
				CODE_SIGN_STYLE = Automatic;
				DEVELOPMENT_TEAM = 5238S8DUH7;
				INFOPLIST_FILE = "Metrobus RT/Info.plist";
				LD_RUNPATH_SEARCH_PATHS = (
					"$(inherited)",
					"@executable_path/Frameworks",
				);
				PRODUCT_BUNDLE_IDENTIFIER = "Chahuistle.Metrobus-RT";
				PRODUCT_NAME = "$(TARGET_NAME)";
				SWIFT_VERSION = 4.2;
				TARGETED_DEVICE_FAMILY = "1,2";
			};
			name = Debug;
		};
		3A60291C22548026006A6DBF /* Release */ = {
			isa = XCBuildConfiguration;
			buildSettings = {
				ASSETCATALOG_COMPILER_APPICON_NAME = AppIcon;
				CODE_SIGN_STYLE = Automatic;
				DEVELOPMENT_TEAM = 5238S8DUH7;
				INFOPLIST_FILE = "Metrobus RT/Info.plist";
				LD_RUNPATH_SEARCH_PATHS = (
					"$(inherited)",
					"@executable_path/Frameworks",
				);
				PRODUCT_BUNDLE_IDENTIFIER = "Chahuistle.Metrobus-RT";
				PRODUCT_NAME = "$(TARGET_NAME)";
				SWIFT_VERSION = 4.2;
				TARGETED_DEVICE_FAMILY = "1,2";
			};
			name = Release;
		};
/* End XCBuildConfiguration section */

/* Begin XCConfigurationList section */
		3A60290322548024006A6DBF /* Build configuration list for PBXProject "Metrobus RT" */ = {
			isa = XCConfigurationList;
			buildConfigurations = (
				3A60291822548026006A6DBF /* Debug */,
				3A60291922548026006A6DBF /* Release */,
			);
			defaultConfigurationIsVisible = 0;
			defaultConfigurationName = Release;
		};
		3A60291A22548026006A6DBF /* Build configuration list for PBXNativeTarget "Metrobus RT" */ = {
			isa = XCConfigurationList;
			buildConfigurations = (
				3A60291B22548026006A6DBF /* Debug */,
				3A60291C22548026006A6DBF /* Release */,
			);
			defaultConfigurationIsVisible = 0;
			defaultConfigurationName = Release;
		};
/* End XCConfigurationList section */
	};
	rootObject = 3A60290022548024006A6DBF /* Project object */;
}
